
Microsoft Visual Studio Solution File, Format Version 12.00
# Visual Studio Version 17
VisualStudioVersion = 17.6.33815.320
MinimumVisualStudioVersion = 10.0.40219.1
Project("{2150E333-8FDC-42A3-9474-1A3956D46DE8}") = "BuildingBlocks", "BuildingBlocks", "{0BD796C3-13BE-4441-A382-E34A19ACBE20}"
EndProject
Project("{2150E333-8FDC-42A3-9474-1A3956D46DE8}") = "Modules", "Modules", "{22BF9A49-AB53-4280-AD2B-716A20208F73}"
EndProject
Project("{9A19103F-16F7-4668-BE54-9A1E7A4F7556}") = "Administration.Application", "src\Modules\Administration\Application\Administration.Application.csproj", "{14390D50-8E5C-4BAF-A6C4-B14B2D266741}"
EndProject
Project("{9A19103F-16F7-4668-BE54-9A1E7A4F7556}") = "Administration.Infrastructure", "src\Modules\Administration\Infrastructure\Administration.Infrastructure.csproj", "{EAE680AA-C4A8-4889-BDA7-0151E463398C}"
EndProject
Project("{9A19103F-16F7-4668-BE54-9A1E7A4F7556}") = "Administration.Domain", "src\Modules\Administration\Domain\Administration.Domain.csproj", "{01DCF2E2-FE91-4669-9B9A-03C87179231B}"
EndProject
Project("{9A19103F-16F7-4668-BE54-9A1E7A4F7556}") = "Administration.IntegrationEvents", "src\Modules\Administration\IntegrationEvents\Administration.IntegrationEvents.csproj", "{D4FB8E6B-001C-4BCB-863C-C85EAABA1AFE}"
EndProject
Project("{2150E333-8FDC-42A3-9474-1A3956D46DE8}") = "Payments", "Payments", "{852D29A0-7CDD-469A-86F7-3AEEADFC1D10}"
EndProject
Project("{9A19103F-16F7-4668-BE54-9A1E7A4F7556}") = "Payments.Application", "src\Modules\Payments\Payments.Application\Payments.Application.csproj", "{B9C512F5-CBB1-4035-8CE8-F26E1E8D21D7}"
EndProject
Project("{9A19103F-16F7-4668-BE54-9A1E7A4F7556}") = "Payments.Domain", "src\Modules\Payments\Payments.Domain\Payments.Domain.csproj", "{FC461EB2-B453-44F2-9FE0-73BABF06419D}"
EndProject
Project("{9A19103F-16F7-4668-BE54-9A1E7A4F7556}") = "Payments.Infrastructure", "src\Modules\Payments\Payments.Infrastructure\Payments.Infrastructure.csproj", "{6A7A6254-CE43-4761-B1E2-F87E7CDF0D4B}"
EndProject
Project("{9A19103F-16F7-4668-BE54-9A1E7A4F7556}") = "Payments.IntegrationEvents", "src\Modules\Payments\Payments.IntegrationEvents\Payments.IntegrationEvents.csproj", "{CFA1E565-638E-49AB-AE8A-7F71D664181C}"
EndProject
Project("{2150E333-8FDC-42A3-9474-1A3956D46DE8}") = "Users", "Users", "{95E4AF3B-A650-42DF-8D6E-0C10E94C695F}"
EndProject
Project("{9A19103F-16F7-4668-BE54-9A1E7A4F7556}") = "Users.Domain", "src\Modules\Users\Users.Domain\Users.Domain.csproj", "{87D7B33D-E288-4D61-927E-E08E5C171953}"
EndProject
Project("{9A19103F-16F7-4668-BE54-9A1E7A4F7556}") = "Users.Application", "src\Modules\Users\Users.Application\Users.Application.csproj", "{90D38F27-7B54-494E-AF4E-8C84B9E2C8F9}"
EndProject
Project("{9A19103F-16F7-4668-BE54-9A1E7A4F7556}") = "Users.Infrastructure", "src\Modules\Users\Users.Infrastructure\Users.Infrastructure.csproj", "{B662BBDF-22FD-45D2-AE1F-6FA4DA57CCFB}"
EndProject
Project("{9A19103F-16F7-4668-BE54-9A1E7A4F7556}") = "Users.IntegrationEvents", "src\Modules\Users\Users.IntegrationEvents\Users.IntegrationEvents.csproj", "{90A30E05-31B7-4F5A-8AFC-F710EAE2FAF7}"
EndProject
Project("{2150E333-8FDC-42A3-9474-1A3956D46DE8}") = "Lessons", "Lessons", "{457A22FD-831F-4564-92F3-6848F9C7444F}"
EndProject
Project("{9A19103F-16F7-4668-BE54-9A1E7A4F7556}") = "Lessons.Domain", "src\Modules\Lessons\Lessons.Domain\Lessons.Domain.csproj", "{94832992-4DE6-4DB8-AF1A-61152CFB00DE}"
EndProject
Project("{9A19103F-16F7-4668-BE54-9A1E7A4F7556}") = "Lessons.Application", "src\Modules\Lessons\Lessons.Application\Lessons.Application.csproj", "{DA5FD660-5DFB-412A-87F9-85D256AE2FB8}"
EndProject
Project("{9A19103F-16F7-4668-BE54-9A1E7A4F7556}") = "Lessons.Infrastructure", "src\Modules\Lessons\Lessons.Infrastructure\Lessons.Infrastructure.csproj", "{91B55986-15DF-4BF4-ADA5-213D97C6B17B}"
EndProject
Project("{9A19103F-16F7-4668-BE54-9A1E7A4F7556}") = "Lessons.IntegrationEvents", "src\Modules\Lessons\Lessons.IntegrationEvents\Lessons.IntegrationEvents.csproj", "{1969413D-CC97-4FC2-9921-D45E162AE593}"
EndProject
Project("{2150E333-8FDC-42A3-9474-1A3956D46DE8}") = "API", "API", "{9ACB5E62-1EF2-48F9-9433-F67A50DF6F6F}"
EndProject
Project("{9A19103F-16F7-4668-BE54-9A1E7A4F7556}") = "API", "src\API\API.csproj", "{C7DB6AD7-C5B0-468D-BB14-169B4328F213}"
EndProject
Project("{9A19103F-16F7-4668-BE54-9A1E7A4F7556}") = "BuildingBlocks.Domain", "src\BuildingBlocks\BuildingBlocks.Domain\BuildingBlocks.Domain.csproj", "{A48EEB69-3DAA-405F-BA52-9C46CD43A027}"
EndProject
Project("{2150E333-8FDC-42A3-9474-1A3956D46DE8}") = "Commodities", "Commodities", "{0A10292F-9447-4406-9BAA-95EB59A0DDC5}"
EndProject
Project("{9A19103F-16F7-4668-BE54-9A1E7A4F7556}") = "Commodities.Application", "src\Modules\Commodities\Commodities.Application\Commodities.Application.csproj", "{DA13E9D1-4C4F-4451-AC2D-4CF276D42A0D}"
EndProject
Project("{9A19103F-16F7-4668-BE54-9A1E7A4F7556}") = "Commodities.Domain", "src\Modules\Commodities\Commodities.Domain\Commodities.Domain.csproj", "{B9B04393-6769-4FE2-A074-DF9182A9DBE2}"
EndProject
Project("{9A19103F-16F7-4668-BE54-9A1E7A4F7556}") = "Commodities.Infrastructure", "src\Modules\Commodities\Commodities.Infrastructure\Commodities.Infrastructure.csproj", "{0403AAC3-1AE2-4916-9D75-E6BDE6E0E05B}"
EndProject
Project("{9A19103F-16F7-4668-BE54-9A1E7A4F7556}") = "Commodities.IntegrationEvents", "src\Modules\Commodities\Commodities.IntegrationEvents\Commodities.IntegrationEvents.csproj", "{8F379EA2-4168-404A-9A57-59BFC08A922F}"
EndProject
Project("{9A19103F-16F7-4668-BE54-9A1E7A4F7556}") = "BuildingBlocks.Infrastructure", "src\BuildingBlocks\BuildingBlocks.Infrastructure\BuildingBlocks.Infrastructure.csproj", "{B8B0BD17-900D-4248-A9D4-AC5AB0E0910F}"
EndProject
Project("{2150E333-8FDC-42A3-9474-1A3956D46DE8}") = "Administration", "Administration", "{23DBD61E-E1D2-458C-869A-5F58EC361976}"
EndProject
Project("{FAE04EC0-301F-11D3-BF4B-00C04F79EFBC}") = "BuildingBlocks.Application", "src\BuildingBlocks\BuildingBlocks.Application\BuildingBlocks.Application.csproj", "{72F4D2FD-200A-416E-8A11-15C7DD8F7C97}"
EndProject
Global
	GlobalSection(SolutionConfigurationPlatforms) = preSolution
		Debug|Any CPU = Debug|Any CPU
		Release|Any CPU = Release|Any CPU
	EndGlobalSection
	GlobalSection(ProjectConfigurationPlatforms) = postSolution
		{14390D50-8E5C-4BAF-A6C4-B14B2D266741}.Debug|Any CPU.ActiveCfg = Debug|Any CPU
		{14390D50-8E5C-4BAF-A6C4-B14B2D266741}.Debug|Any CPU.Build.0 = Debug|Any CPU
		{14390D50-8E5C-4BAF-A6C4-B14B2D266741}.Release|Any CPU.ActiveCfg = Release|Any CPU
		{14390D50-8E5C-4BAF-A6C4-B14B2D266741}.Release|Any CPU.Build.0 = Release|Any CPU
		{EAE680AA-C4A8-4889-BDA7-0151E463398C}.Debug|Any CPU.ActiveCfg = Debug|Any CPU
		{EAE680AA-C4A8-4889-BDA7-0151E463398C}.Debug|Any CPU.Build.0 = Debug|Any CPU
		{EAE680AA-C4A8-4889-BDA7-0151E463398C}.Release|Any CPU.ActiveCfg = Release|Any CPU
		{EAE680AA-C4A8-4889-BDA7-0151E463398C}.Release|Any CPU.Build.0 = Release|Any CPU
		{01DCF2E2-FE91-4669-9B9A-03C87179231B}.Debug|Any CPU.ActiveCfg = Debug|Any CPU
		{01DCF2E2-FE91-4669-9B9A-03C87179231B}.Debug|Any CPU.Build.0 = Debug|Any CPU
		{01DCF2E2-FE91-4669-9B9A-03C87179231B}.Release|Any CPU.ActiveCfg = Release|Any CPU
		{01DCF2E2-FE91-4669-9B9A-03C87179231B}.Release|Any CPU.Build.0 = Release|Any CPU
		{D4FB8E6B-001C-4BCB-863C-C85EAABA1AFE}.Debug|Any CPU.ActiveCfg = Debug|Any CPU
		{D4FB8E6B-001C-4BCB-863C-C85EAABA1AFE}.Debug|Any CPU.Build.0 = Debug|Any CPU
		{D4FB8E6B-001C-4BCB-863C-C85EAABA1AFE}.Release|Any CPU.ActiveCfg = Release|Any CPU
		{D4FB8E6B-001C-4BCB-863C-C85EAABA1AFE}.Release|Any CPU.Build.0 = Release|Any CPU
		{B9C512F5-CBB1-4035-8CE8-F26E1E8D21D7}.Debug|Any CPU.ActiveCfg = Debug|Any CPU
		{B9C512F5-CBB1-4035-8CE8-F26E1E8D21D7}.Debug|Any CPU.Build.0 = Debug|Any CPU
		{B9C512F5-CBB1-4035-8CE8-F26E1E8D21D7}.Release|Any CPU.ActiveCfg = Release|Any CPU
		{B9C512F5-CBB1-4035-8CE8-F26E1E8D21D7}.Release|Any CPU.Build.0 = Release|Any CPU
		{FC461EB2-B453-44F2-9FE0-73BABF06419D}.Debug|Any CPU.ActiveCfg = Debug|Any CPU
		{FC461EB2-B453-44F2-9FE0-73BABF06419D}.Debug|Any CPU.Build.0 = Debug|Any CPU
		{FC461EB2-B453-44F2-9FE0-73BABF06419D}.Release|Any CPU.ActiveCfg = Release|Any CPU
		{FC461EB2-B453-44F2-9FE0-73BABF06419D}.Release|Any CPU.Build.0 = Release|Any CPU
		{6A7A6254-CE43-4761-B1E2-F87E7CDF0D4B}.Debug|Any CPU.ActiveCfg = Debug|Any CPU
		{6A7A6254-CE43-4761-B1E2-F87E7CDF0D4B}.Debug|Any CPU.Build.0 = Debug|Any CPU
		{6A7A6254-CE43-4761-B1E2-F87E7CDF0D4B}.Release|Any CPU.ActiveCfg = Release|Any CPU
		{6A7A6254-CE43-4761-B1E2-F87E7CDF0D4B}.Release|Any CPU.Build.0 = Release|Any CPU
		{CFA1E565-638E-49AB-AE8A-7F71D664181C}.Debug|Any CPU.ActiveCfg = Debug|Any CPU
		{CFA1E565-638E-49AB-AE8A-7F71D664181C}.Debug|Any CPU.Build.0 = Debug|Any CPU
		{CFA1E565-638E-49AB-AE8A-7F71D664181C}.Release|Any CPU.ActiveCfg = Release|Any CPU
		{CFA1E565-638E-49AB-AE8A-7F71D664181C}.Release|Any CPU.Build.0 = Release|Any CPU
		{87D7B33D-E288-4D61-927E-E08E5C171953}.Debug|Any CPU.ActiveCfg = Debug|Any CPU
		{87D7B33D-E288-4D61-927E-E08E5C171953}.Debug|Any CPU.Build.0 = Debug|Any CPU
		{87D7B33D-E288-4D61-927E-E08E5C171953}.Release|Any CPU.ActiveCfg = Release|Any CPU
		{87D7B33D-E288-4D61-927E-E08E5C171953}.Release|Any CPU.Build.0 = Release|Any CPU
		{90D38F27-7B54-494E-AF4E-8C84B9E2C8F9}.Debug|Any CPU.ActiveCfg = Debug|Any CPU
		{90D38F27-7B54-494E-AF4E-8C84B9E2C8F9}.Debug|Any CPU.Build.0 = Debug|Any CPU
		{90D38F27-7B54-494E-AF4E-8C84B9E2C8F9}.Release|Any CPU.ActiveCfg = Release|Any CPU
		{90D38F27-7B54-494E-AF4E-8C84B9E2C8F9}.Release|Any CPU.Build.0 = Release|Any CPU
		{B662BBDF-22FD-45D2-AE1F-6FA4DA57CCFB}.Debug|Any CPU.ActiveCfg = Debug|Any CPU
		{B662BBDF-22FD-45D2-AE1F-6FA4DA57CCFB}.Debug|Any CPU.Build.0 = Debug|Any CPU
		{B662BBDF-22FD-45D2-AE1F-6FA4DA57CCFB}.Release|Any CPU.ActiveCfg = Release|Any CPU
		{B662BBDF-22FD-45D2-AE1F-6FA4DA57CCFB}.Release|Any CPU.Build.0 = Release|Any CPU
		{90A30E05-31B7-4F5A-8AFC-F710EAE2FAF7}.Debug|Any CPU.ActiveCfg = Debug|Any CPU
		{90A30E05-31B7-4F5A-8AFC-F710EAE2FAF7}.Debug|Any CPU.Build.0 = Debug|Any CPU
		{90A30E05-31B7-4F5A-8AFC-F710EAE2FAF7}.Release|Any CPU.ActiveCfg = Release|Any CPU
		{90A30E05-31B7-4F5A-8AFC-F710EAE2FAF7}.Release|Any CPU.Build.0 = Release|Any CPU
		{94832992-4DE6-4DB8-AF1A-61152CFB00DE}.Debug|Any CPU.ActiveCfg = Debug|Any CPU
		{94832992-4DE6-4DB8-AF1A-61152CFB00DE}.Debug|Any CPU.Build.0 = Debug|Any CPU
		{94832992-4DE6-4DB8-AF1A-61152CFB00DE}.Release|Any CPU.ActiveCfg = Release|Any CPU
		{94832992-4DE6-4DB8-AF1A-61152CFB00DE}.Release|Any CPU.Build.0 = Release|Any CPU
		{DA5FD660-5DFB-412A-87F9-85D256AE2FB8}.Debug|Any CPU.ActiveCfg = Debug|Any CPU
		{DA5FD660-5DFB-412A-87F9-85D256AE2FB8}.Debug|Any CPU.Build.0 = Debug|Any CPU
		{DA5FD660-5DFB-412A-87F9-85D256AE2FB8}.Release|Any CPU.ActiveCfg = Release|Any CPU
		{DA5FD660-5DFB-412A-87F9-85D256AE2FB8}.Release|Any CPU.Build.0 = Release|Any CPU
		{91B55986-15DF-4BF4-ADA5-213D97C6B17B}.Debug|Any CPU.ActiveCfg = Debug|Any CPU
		{91B55986-15DF-4BF4-ADA5-213D97C6B17B}.Debug|Any CPU.Build.0 = Debug|Any CPU
		{91B55986-15DF-4BF4-ADA5-213D97C6B17B}.Release|Any CPU.ActiveCfg = Release|Any CPU
		{91B55986-15DF-4BF4-ADA5-213D97C6B17B}.Release|Any CPU.Build.0 = Release|Any CPU
		{1969413D-CC97-4FC2-9921-D45E162AE593}.Debug|Any CPU.ActiveCfg = Debug|Any CPU
		{1969413D-CC97-4FC2-9921-D45E162AE593}.Debug|Any CPU.Build.0 = Debug|Any CPU
		{1969413D-CC97-4FC2-9921-D45E162AE593}.Release|Any CPU.ActiveCfg = Release|Any CPU
		{1969413D-CC97-4FC2-9921-D45E162AE593}.Release|Any CPU.Build.0 = Release|Any CPU
		{C7DB6AD7-C5B0-468D-BB14-169B4328F213}.Debug|Any CPU.ActiveCfg = Debug|Any CPU
		{C7DB6AD7-C5B0-468D-BB14-169B4328F213}.Debug|Any CPU.Build.0 = Debug|Any CPU
		{C7DB6AD7-C5B0-468D-BB14-169B4328F213}.Release|Any CPU.ActiveCfg = Release|Any CPU
		{C7DB6AD7-C5B0-468D-BB14-169B4328F213}.Release|Any CPU.Build.0 = Release|Any CPU
		{A48EEB69-3DAA-405F-BA52-9C46CD43A027}.Debug|Any CPU.ActiveCfg = Debug|Any CPU
		{A48EEB69-3DAA-405F-BA52-9C46CD43A027}.Debug|Any CPU.Build.0 = Debug|Any CPU
		{A48EEB69-3DAA-405F-BA52-9C46CD43A027}.Release|Any CPU.ActiveCfg = Release|Any CPU
		{A48EEB69-3DAA-405F-BA52-9C46CD43A027}.Release|Any CPU.Build.0 = Release|Any CPU
		{DA13E9D1-4C4F-4451-AC2D-4CF276D42A0D}.Debug|Any CPU.ActiveCfg = Debug|Any CPU
		{DA13E9D1-4C4F-4451-AC2D-4CF276D42A0D}.Debug|Any CPU.Build.0 = Debug|Any CPU
		{DA13E9D1-4C4F-4451-AC2D-4CF276D42A0D}.Release|Any CPU.ActiveCfg = Release|Any CPU
		{DA13E9D1-4C4F-4451-AC2D-4CF276D42A0D}.Release|Any CPU.Build.0 = Release|Any CPU
		{B9B04393-6769-4FE2-A074-DF9182A9DBE2}.Debug|Any CPU.ActiveCfg = Debug|Any CPU
		{B9B04393-6769-4FE2-A074-DF9182A9DBE2}.Debug|Any CPU.Build.0 = Debug|Any CPU
		{B9B04393-6769-4FE2-A074-DF9182A9DBE2}.Release|Any CPU.ActiveCfg = Release|Any CPU
		{B9B04393-6769-4FE2-A074-DF9182A9DBE2}.Release|Any CPU.Build.0 = Release|Any CPU
		{0403AAC3-1AE2-4916-9D75-E6BDE6E0E05B}.Debug|Any CPU.ActiveCfg = Debug|Any CPU
		{0403AAC3-1AE2-4916-9D75-E6BDE6E0E05B}.Debug|Any CPU.Build.0 = Debug|Any CPU
		{0403AAC3-1AE2-4916-9D75-E6BDE6E0E05B}.Release|Any CPU.ActiveCfg = Release|Any CPU
		{0403AAC3-1AE2-4916-9D75-E6BDE6E0E05B}.Release|Any CPU.Build.0 = Release|Any CPU
		{8F379EA2-4168-404A-9A57-59BFC08A922F}.Debug|Any CPU.ActiveCfg = Debug|Any CPU
		{8F379EA2-4168-404A-9A57-59BFC08A922F}.Debug|Any CPU.Build.0 = Debug|Any CPU
		{8F379EA2-4168-404A-9A57-59BFC08A922F}.Release|Any CPU.ActiveCfg = Release|Any CPU
		{8F379EA2-4168-404A-9A57-59BFC08A922F}.Release|Any CPU.Build.0 = Release|Any CPU
		{B8B0BD17-900D-4248-A9D4-AC5AB0E0910F}.Debug|Any CPU.ActiveCfg = Debug|Any CPU
		{B8B0BD17-900D-4248-A9D4-AC5AB0E0910F}.Debug|Any CPU.Build.0 = Debug|Any CPU
		{B8B0BD17-900D-4248-A9D4-AC5AB0E0910F}.Release|Any CPU.ActiveCfg = Release|Any CPU
		{B8B0BD17-900D-4248-A9D4-AC5AB0E0910F}.Release|Any CPU.Build.0 = Release|Any CPU
		{72F4D2FD-200A-416E-8A11-15C7DD8F7C97}.Debug|Any CPU.ActiveCfg = Debug|Any CPU
		{72F4D2FD-200A-416E-8A11-15C7DD8F7C97}.Debug|Any CPU.Build.0 = Debug|Any CPU
		{72F4D2FD-200A-416E-8A11-15C7DD8F7C97}.Release|Any CPU.ActiveCfg = Release|Any CPU
		{72F4D2FD-200A-416E-8A11-15C7DD8F7C97}.Release|Any CPU.Build.0 = Release|Any CPU
	EndGlobalSection
	GlobalSection(SolutionProperties) = preSolution
		HideSolutionNode = FALSE
	EndGlobalSection
	GlobalSection(NestedProjects) = preSolution
		{14390D50-8E5C-4BAF-A6C4-B14B2D266741} = {23DBD61E-E1D2-458C-869A-5F58EC361976}
		{EAE680AA-C4A8-4889-BDA7-0151E463398C} = {23DBD61E-E1D2-458C-869A-5F58EC361976}
		{01DCF2E2-FE91-4669-9B9A-03C87179231B} = {23DBD61E-E1D2-458C-869A-5F58EC361976}
		{D4FB8E6B-001C-4BCB-863C-C85EAABA1AFE} = {23DBD61E-E1D2-458C-869A-5F58EC361976}
		{852D29A0-7CDD-469A-86F7-3AEEADFC1D10} = {22BF9A49-AB53-4280-AD2B-716A20208F73}
		{B9C512F5-CBB1-4035-8CE8-F26E1E8D21D7} = {852D29A0-7CDD-469A-86F7-3AEEADFC1D10}
		{FC461EB2-B453-44F2-9FE0-73BABF06419D} = {852D29A0-7CDD-469A-86F7-3AEEADFC1D10}
		{6A7A6254-CE43-4761-B1E2-F87E7CDF0D4B} = {852D29A0-7CDD-469A-86F7-3AEEADFC1D10}
		{CFA1E565-638E-49AB-AE8A-7F71D664181C} = {852D29A0-7CDD-469A-86F7-3AEEADFC1D10}
		{95E4AF3B-A650-42DF-8D6E-0C10E94C695F} = {22BF9A49-AB53-4280-AD2B-716A20208F73}
		{87D7B33D-E288-4D61-927E-E08E5C171953} = {95E4AF3B-A650-42DF-8D6E-0C10E94C695F}
		{90D38F27-7B54-494E-AF4E-8C84B9E2C8F9} = {95E4AF3B-A650-42DF-8D6E-0C10E94C695F}
		{B662BBDF-22FD-45D2-AE1F-6FA4DA57CCFB} = {95E4AF3B-A650-42DF-8D6E-0C10E94C695F}
		{90A30E05-31B7-4F5A-8AFC-F710EAE2FAF7} = {95E4AF3B-A650-42DF-8D6E-0C10E94C695F}
		{457A22FD-831F-4564-92F3-6848F9C7444F} = {22BF9A49-AB53-4280-AD2B-716A20208F73}
		{94832992-4DE6-4DB8-AF1A-61152CFB00DE} = {457A22FD-831F-4564-92F3-6848F9C7444F}
		{DA5FD660-5DFB-412A-87F9-85D256AE2FB8} = {457A22FD-831F-4564-92F3-6848F9C7444F}
		{91B55986-15DF-4BF4-ADA5-213D97C6B17B} = {457A22FD-831F-4564-92F3-6848F9C7444F}
		{1969413D-CC97-4FC2-9921-D45E162AE593} = {457A22FD-831F-4564-92F3-6848F9C7444F}
		{C7DB6AD7-C5B0-468D-BB14-169B4328F213} = {9ACB5E62-1EF2-48F9-9433-F67A50DF6F6F}
		{A48EEB69-3DAA-405F-BA52-9C46CD43A027} = {0BD796C3-13BE-4441-A382-E34A19ACBE20}
		{0A10292F-9447-4406-9BAA-95EB59A0DDC5} = {22BF9A49-AB53-4280-AD2B-716A20208F73}
		{DA13E9D1-4C4F-4451-AC2D-4CF276D42A0D} = {0A10292F-9447-4406-9BAA-95EB59A0DDC5}
		{B9B04393-6769-4FE2-A074-DF9182A9DBE2} = {0A10292F-9447-4406-9BAA-95EB59A0DDC5}
		{0403AAC3-1AE2-4916-9D75-E6BDE6E0E05B} = {0A10292F-9447-4406-9BAA-95EB59A0DDC5}
		{8F379EA2-4168-404A-9A57-59BFC08A922F} = {0A10292F-9447-4406-9BAA-95EB59A0DDC5}
		{B8B0BD17-900D-4248-A9D4-AC5AB0E0910F} = {0BD796C3-13BE-4441-A382-E34A19ACBE20}
		{23DBD61E-E1D2-458C-869A-5F58EC361976} = {22BF9A49-AB53-4280-AD2B-716A20208F73}
		{72F4D2FD-200A-416E-8A11-15C7DD8F7C97} = {0BD796C3-13BE-4441-A382-E34A19ACBE20}
	EndGlobalSection
	GlobalSection(ExtensibilityGlobals) = postSolution
		SolutionGuid = {5B38E64E-887D-441B-BA12-780410BB49B0}
	EndGlobalSection
EndGlobal
